
Microsoft Visual Studio Solution File, Format Version 12.00
# Visual Studio Version 17
VisualStudioVersion = 17.7.34031.279
MinimumVisualStudioVersion = 10.0.40219.1
Project("{9A19103F-16F7-4668-BE54-9A1E7A4F7556}") = "Restaurante", "Restaurante.csproj", "{D4A6941D-5528-4FC7-BCEE-410C33B575CA}"
EndProject
Global
	GlobalSection(SolutionConfigurationPlatforms) = preSolution
		Debug|Any CPU = Debug|Any CPU
		Release|Any CPU = Release|Any CPU
	EndGlobalSection
	GlobalSection(ProjectConfigurationPlatforms) = postSolution
		{D4A6941D-5528-4FC7-BCEE-410C33B575CA}.Debug|Any CPU.ActiveCfg = Debug|Any CPU
		{D4A6941D-5528-4FC7-BCEE-410C33B575CA}.Debug|Any CPU.Build.0 = Debug|Any CPU
		{D4A6941D-5528-4FC7-BCEE-410C33B575CA}.Release|Any CPU.ActiveCfg = Release|Any CPU
		{D4A6941D-5528-4FC7-BCEE-410C33B575CA}.Release|Any CPU.Build.0 = Release|Any CPU
	EndGlobalSection
	GlobalSection(SolutionProperties) = preSolution
		HideSolutionNode = FALSE
	EndGlobalSection
	GlobalSection(ExtensibilityGlobals) = postSolution
		SolutionGuid = {4C8F92C0-E43B-4DB3-9B3A-5D90A37DDCF0}
	EndGlobalSection
EndGlobal
